[
  {
    "name": "@bendn/enginesound",
    "tarball": "https://registry.npmjs.org/@bendn/enginesound/-/enginesound-1.0.0.tgz",
    "version": "1.0.0"
  },
  {
    "name": "@bendn/gizmo3d",
    "tarball": "https://registry.npmjs.org/@bendn/gizmo3d/-/gizmo3d-1.0.2.tgz",
    "version": "1.0.2"
  },
  {
    "name": "@bendn/splitter",
    "tarball": "https://registry.npmjs.org/@bendn/splitter/-/splitter-1.0.6.tgz",
    "version": "1.0.6"
  }
]